{
  "name": "charlsite",
  "lockfileVersion": 3,
  "requires": true,
  "packages": {
    "": {
      "devDependencies": {
        "nuxi": "^3.7.3"
      }
    },
    "node_modules/fsevents": {
      "version": "2.3.3",
      "resolved": "https://registry.npmjs.org/fsevents/-/fsevents-2.3.3.tgz",
      "integrity": "sha512-5xoDfX+fL7faATnagmWPpbFtwh/R77WmMMqqHGS65C3vvB0YHrgF+B1YmZ3441tMj5n63k0212XNoJwzlhffQw==",
      "dev": true,
      "hasInstallScript": true,
      "optional": true,
      "os": [
        "darwin"
      ],
      "engines": {
        "node": "^8.16.0 || ^10.6.0 || >=11.0.0"
      }
    },
    "node_modules/nuxi": {
      "version": "3.7.3",
      "resolved": "https://registry.npmjs.org/nuxi/-/nuxi-3.7.3.tgz",
      "integrity": "sha512-Cg+ygRmhonE6PwAtDeKvKU/0VRqEyzmSSoJYfr0MzwIxQYrBSnLvw0z3UgJl/8MgFKjiZ5Y4wBUEiRsUw8O6uw==",
      "dev": true,
      "bin": {
        "nuxi": "bin/nuxi.mjs",
        "nuxi-ng": "bin/nuxi.mjs",
        "nuxt": "bin/nuxi.mjs",
        "nuxt-cli": "bin/nuxi.mjs"
      },
      "engines": {
        "node": "^14.18.0 || >=16.10.0"
      },
      "optionalDependencies": {
        "fsevents": "~2.3.3"
      }
    }
  }
}
